// !$*UTF8*$!
{
	archiveVersion = 1;
	classes = {
	};
	objectVersion = 50;
	objects = {

/* Begin PBXBuildFile section */
		0BFB08C92DE132C24C41EEBF /* Pods_TriniRun.framework in Frameworks */ = {isa = PBXBuildFile; fileRef = 9E13301122933FF53521C30E /* Pods_TriniRun.framework */; };
		7C033CD423D326DE0037388D /* Run.swift in Sources */ = {isa = PBXBuildFile; fileRef = 7C033CD323D326DE0037388D /* Run.swift */; };
		7C09192123CDD84B0019938A /* Extensions.swift in Sources */ = {isa = PBXBuildFile; fileRef = 7C09192023CDD84B0019938A /* Extensions.swift */; };
		7C21247223C4AA20005766ED /* LocationVC.swift in Sources */ = {isa = PBXBuildFile; fileRef = 7C21247123C4AA20005766ED /* LocationVC.swift */; };
		7C2F864E23E852DD00EFCAA6 /* AppNotes.rtf in Resources */ = {isa = PBXBuildFile; fileRef = 7C2F864D23E852DD00EFCAA6 /* AppNotes.rtf */; };
		7C555DEA23D4906C00FE6CFD /* Constants.swift in Sources */ = {isa = PBXBuildFile; fileRef = 7C555DE923D4906C00FE6CFD /* Constants.swift */; };
		7C66F6E723B00D72005DEB8E /* AppDelegate.swift in Sources */ = {isa = PBXBuildFile; fileRef = 7C66F6E623B00D72005DEB8E /* AppDelegate.swift */; };
		7C66F6E923B00D72005DEB8E /* SceneDelegate.swift in Sources */ = {isa = PBXBuildFile; fileRef = 7C66F6E823B00D72005DEB8E /* SceneDelegate.swift */; };
		7C66F6EB23B00D72005DEB8E /* BeginRunVC.swift in Sources */ = {isa = PBXBuildFile; fileRef = 7C66F6EA23B00D72005DEB8E /* BeginRunVC.swift */; };
		7C66F6ED23B00D72005DEB8E /* RunLogVC.swift in Sources */ = {isa = PBXBuildFile; fileRef = 7C66F6EC23B00D72005DEB8E /* RunLogVC.swift */; };
		7C66F6F023B00D72005DEB8E /* Main.storyboard in Resources */ = {isa = PBXBuildFile; fileRef = 7C66F6EE23B00D72005DEB8E /* Main.storyboard */; };
		7C66F6F223B00D75005DEB8E /* Assets.xcassets in Resources */ = {isa = PBXBuildFile; fileRef = 7C66F6F123B00D75005DEB8E /* Assets.xcassets */; };
		7C66F6F523B00D75005DEB8E /* LaunchScreen.storyboard in Resources */ = {isa = PBXBuildFile; fileRef = 7C66F6F323B00D75005DEB8E /* LaunchScreen.storyboard */; };
		7C68407323C5DF7100E046B0 /* CurrentRunVC.swift in Sources */ = {isa = PBXBuildFile; fileRef = 7C68407223C5DF7100E046B0 /* CurrentRunVC.swift */; };
		7C7106F223EECC8D005405E7 /* RunLogCell.swift in Sources */ = {isa = PBXBuildFile; fileRef = 7C7106F123EECC8D005405E7 /* RunLogCell.swift */; };
		7C7FB9FC23F2D1ED0023CC84 /* Location.swift in Sources */ = {isa = PBXBuildFile; fileRef = 7C7FB9FB23F2D1ED0023CC84 /* Location.swift */; };
		7CFEC0CC23B28EFF00B9161A /* On Run VC.png in Resources */ = {isa = PBXBuildFile; fileRef = 7CFEC0C923B28EFE00B9161A /* On Run VC.png */; };
		7CFEC0CD23B28EFF00B9161A /* Log TableView VC.png in Resources */ = {isa = PBXBuildFile; fileRef = 7CFEC0CA23B28EFE00B9161A /* Log TableView VC.png */; };
		7CFEC0CE23B28EFF00B9161A /* Run Home.png in Resources */ = {isa = PBXBuildFile; fileRef = 7CFEC0CB23B28EFF00B9161A /* Run Home.png */; };
/* End PBXBuildFile section */

/* Begin PBXFileReference section */
		2DFFF09A7BE140CE19FBCC0E /* Pods-TriniRun.release.xcconfig */ = {isa = PBXFileReference; includeInIndex = 1; lastKnownFileType = text.xcconfig; name = "Pods-TriniRun.release.xcconfig"; path = "Pods/Target Support Files/Pods-TriniRun/Pods-TriniRun.release.xcconfig"; sourceTree = "<group>"; };
		39F6EF30BEA5005D1FFBC2D2 /* Pods-TriniRun.debug.xcconfig */ = {isa = PBXFileReference; includeInIndex = 1; lastKnownFileType = text.xcconfig; name = "Pods-TriniRun.debug.xcconfig"; path = "Pods/Target Support Files/Pods-TriniRun/Pods-TriniRun.debug.xcconfig"; sourceTree = "<group>"; };
		7C033CD323D326DE0037388D /* Run.swift */ = {isa = PBXFileReference; lastKnownFileType = sourcecode.swift; path = Run.swift; sourceTree = "<group>"; };
		7C09192023CDD84B0019938A /* Extensions.swift */ = {isa = PBXFileReference; lastKnownFileType = sourcecode.swift; path = Extensions.swift; sourceTree = "<group>"; };
		7C21247123C4AA20005766ED /* LocationVC.swift */ = {isa = PBXFileReference; lastKnownFileType = sourcecode.swift; path = LocationVC.swift; sourceTree = "<group>"; };
		7C2F864D23E852DD00EFCAA6 /* AppNotes.rtf */ = {isa = PBXFileReference; lastKnownFileType = text.rtf; path = AppNotes.rtf; sourceTree = "<group>"; };
		7C555DE923D4906C00FE6CFD /* Constants.swift */ = {isa = PBXFileReference; lastKnownFileType = sourcecode.swift; path = Constants.swift; sourceTree = "<group>"; };
		7C66F6E323B00D72005DEB8E /* TriniRun.app */ = {isa = PBXFileReference; explicitFileType = wrapper.application; includeInIndex = 0; path = TriniRun.app; sourceTree = BUILT_PRODUCTS_DIR; };
		7C66F6E623B00D72005DEB8E /* AppDelegate.swift */ = {isa = PBXFileReference; lastKnownFileType = sourcecode.swift; path = AppDelegate.swift; sourceTree = "<group>"; };
		7C66F6E823B00D72005DEB8E /* SceneDelegate.swift */ = {isa = PBXFileReference; lastKnownFileType = sourcecode.swift; path = SceneDelegate.swift; sourceTree = "<group>"; };
		7C66F6EA23B00D72005DEB8E /* BeginRunVC.swift */ = {isa = PBXFileReference; lastKnownFileType = sourcecode.swift; path = BeginRunVC.swift; sourceTree = "<group>"; };
		7C66F6EC23B00D72005DEB8E /* RunLogVC.swift */ = {isa = PBXFileReference; lastKnownFileType = sourcecode.swift; path = RunLogVC.swift; sourceTree = "<group>"; };
		7C66F6EF23B00D72005DEB8E /* Base */ = {isa = PBXFileReference; lastKnownFileType = file.storyboard; name = Base; path = Base.lproj/Main.storyboard; sourceTree = "<group>"; };
		7C66F6F123B00D75005DEB8E /* Assets.xcassets */ = {isa = PBXFileReference; lastKnownFileType = folder.assetcatalog; path = Assets.xcassets; sourceTree = "<group>"; };
		7C66F6F423B00D75005DEB8E /* Base */ = {isa = PBXFileReference; lastKnownFileType = file.storyboard; name = Base; path = Base.lproj/LaunchScreen.storyboard; sourceTree = "<group>"; };
		7C66F6F623B00D75005DEB8E /* Info.plist */ = {isa = PBXFileReference; lastKnownFileType = text.plist.xml; path = Info.plist; sourceTree = "<group>"; };
		7C68407223C5DF7100E046B0 /* CurrentRunVC.swift */ = {isa = PBXFileReference; lastKnownFileType = sourcecode.swift; path = CurrentRunVC.swift; sourceTree = "<group>"; };
		7C7106F123EECC8D005405E7 /* RunLogCell.swift */ = {isa = PBXFileReference; lastKnownFileType = sourcecode.swift; path = RunLogCell.swift; sourceTree = "<group>"; };
		7C7FB9FB23F2D1ED0023CC84 /* Location.swift */ = {isa = PBXFileReference; lastKnownFileType = sourcecode.swift; path = Location.swift; sourceTree = "<group>"; };
		7CFEC0C923B28EFE00B9161A /* On Run VC.png */ = {isa = PBXFileReference; lastKnownFileType = image.png; path = "On Run VC.png"; sourceTree = "<group>"; };
		7CFEC0CA23B28EFE00B9161A /* Log TableView VC.png */ = {isa = PBXFileReference; lastKnownFileType = image.png; path = "Log TableView VC.png"; sourceTree = "<group>"; };
		7CFEC0CB23B28EFF00B9161A /* Run Home.png */ = {isa = PBXFileReference; lastKnownFileType = image.png; path = "Run Home.png"; sourceTree = "<group>"; };
		9E13301122933FF53521C30E /* Pods_TriniRun.framework */ = {isa = PBXFileReference; explicitFileType = wrapper.framework; includeInIndex = 0; path = Pods_TriniRun.framework; sourceTree = BUILT_PRODUCTS_DIR; };
/* End PBXFileReference section */

/* Begin PBXFrameworksBuildPhase section */
		7C66F6E023B00D72005DEB8E /* Frameworks */ = {
			isa = PBXFrameworksBuildPhase;
			buildActionMask = 2147483647;
			files = (
				0BFB08C92DE132C24C41EEBF /* Pods_TriniRun.framework in Frameworks */,
			);
			runOnlyForDeploymentPostprocessing = 0;
		};
/* End PBXFrameworksBuildPhase section */

/* Begin PBXGroup section */
		1959CB836FC7970275450E04 /* Pods */ = {
			isa = PBXGroup;
			children = (
				39F6EF30BEA5005D1FFBC2D2 /* Pods-TriniRun.debug.xcconfig */,
				2DFFF09A7BE140CE19FBCC0E /* Pods-TriniRun.release.xcconfig */,
			);
			name = Pods;
			sourceTree = "<group>";
		};
		7C66F6DA23B00D72005DEB8E = {
			isa = PBXGroup;
			children = (
				7C66F6E523B00D72005DEB8E /* TriniRun */,
				7C66F6E423B00D72005DEB8E /* Products */,
				1959CB836FC7970275450E04 /* Pods */,
				D15A60BAB139151777AB342B /* Frameworks */,
			);
			sourceTree = "<group>";
		};
		7C66F6E423B00D72005DEB8E /* Products */ = {
			isa = PBXGroup;
			children = (
				7C66F6E323B00D72005DEB8E /* TriniRun.app */,
			);
			name = Products;
			sourceTree = "<group>";
		};
		7C66F6E523B00D72005DEB8E /* TriniRun */ = {
			isa = PBXGroup;
			children = (
				7C66F6FC23B01701005DEB8E /* Model */,
				7C66F6FD23B01710005DEB8E /* View */,
				7C66F6FE23B01718005DEB8E /* Controller */,
				7C66F6FF23B01723005DEB8E /* Utilities */,
				7C66F70023B0172E005DEB8E /* Extensions */,
				7C66F70123B01739005DEB8E /* Resources */,
				7C66F6E823B00D72005DEB8E /* SceneDelegate.swift */,
				7C66F6E623B00D72005DEB8E /* AppDelegate.swift */,
				7C66F6EE23B00D72005DEB8E /* Main.storyboard */,
				7C66F6F123B00D75005DEB8E /* Assets.xcassets */,
				7C66F6F323B00D75005DEB8E /* LaunchScreen.storyboard */,
				7C66F6F623B00D75005DEB8E /* Info.plist */,
				7C2F864D23E852DD00EFCAA6 /* AppNotes.rtf */,
			);
			path = TriniRun;
			sourceTree = "<group>";
		};
		7C66F6FC23B01701005DEB8E /* Model */ = {
			isa = PBXGroup;
			children = (
				7C033CD323D326DE0037388D /* Run.swift */,
				7C7FB9FB23F2D1ED0023CC84 /* Location.swift */,
			);
			path = Model;
			sourceTree = "<group>";
		};
		7C66F6FD23B01710005DEB8E /* View */ = {
			isa = PBXGroup;
			children = (
				7C7106F123EECC8D005405E7 /* RunLogCell.swift */,
			);
			path = View;
			sourceTree = "<group>";
		};
		7C66F6FE23B01718005DEB8E /* Controller */ = {
			isa = PBXGroup;
			children = (
				7C21247123C4AA20005766ED /* LocationVC.swift */,
				7C66F6EA23B00D72005DEB8E /* BeginRunVC.swift */,
				7C66F6EC23B00D72005DEB8E /* RunLogVC.swift */,
				7C68407223C5DF7100E046B0 /* CurrentRunVC.swift */,
			);
			path = Controller;
			sourceTree = "<group>";
		};
		7C66F6FF23B01723005DEB8E /* Utilities */ = {
			isa = PBXGroup;
			children = (
				7C555DE923D4906C00FE6CFD /* Constants.swift */,
			);
			path = Utilities;
			sourceTree = "<group>";
		};
		7C66F70023B0172E005DEB8E /* Extensions */ = {
			isa = PBXGroup;
			children = (
				7C09192023CDD84B0019938A /* Extensions.swift */,
			);
			path = Extensions;
			sourceTree = "<group>";
		};
		7C66F70123B01739005DEB8E /* Resources */ = {
			isa = PBXGroup;
			children = (
				7CFEC0CA23B28EFE00B9161A /* Log TableView VC.png */,
				7CFEC0C923B28EFE00B9161A /* On Run VC.png */,
				7CFEC0CB23B28EFF00B9161A /* Run Home.png */,
			);
			path = Resources;
			sourceTree = "<group>";
		};
		D15A60BAB139151777AB342B /* Frameworks */ = {
			isa = PBXGroup;
			children = (
				9E13301122933FF53521C30E /* Pods_TriniRun.framework */,
			);
			name = Frameworks;
			sourceTree = "<group>";
		};
/* End PBXGroup section */

/* Begin PBXNativeTarget section */
		7C66F6E223B00D72005DEB8E /* TriniRun */ = {
			isa = PBXNativeTarget;
			buildConfigurationList = 7C66F6F923B00D75005DEB8E /* Build configuration list for PBXNativeTarget "TriniRun" */;
			buildPhases = (
				49C05B71BCD44864E48D01F5 /* [CP] Check Pods Manifest.lock */,
				7C66F6DF23B00D72005DEB8E /* Sources */,
				7C66F6E023B00D72005DEB8E /* Frameworks */,
				7C66F6E123B00D72005DEB8E /* Resources */,
				4A30666F90438BAC98D277E4 /* [CP] Embed Pods Frameworks */,
			);
			buildRules = (
			);
			dependencies = (
			);
			name = TriniRun;
			productName = TriniRun;
			productReference = 7C66F6E323B00D72005DEB8E /* TriniRun.app */;
			productType = "com.apple.product-type.application";
		};
/* End PBXNativeTarget section */

/* Begin PBXProject section */
		7C66F6DB23B00D72005DEB8E /* Project object */ = {
			isa = PBXProject;
			attributes = {
				LastSwiftUpdateCheck = 1120;
				LastUpgradeCheck = 1120;
				ORGANIZATIONNAME = "Coconut Tech LLc";
				TargetAttributes = {
					7C66F6E223B00D72005DEB8E = {
						CreatedOnToolsVersion = 11.2;
					};
				};
			};
			buildConfigurationList = 7C66F6DE23B00D72005DEB8E /* Build configuration list for PBXProject "TriniRun" */;
			compatibilityVersion = "Xcode 9.3";
			developmentRegion = en;
			hasScannedForEncodings = 0;
			knownRegions = (
				en,
				Base,
			);
			mainGroup = 7C66F6DA23B00D72005DEB8E;
			productRefGroup = 7C66F6E423B00D72005DEB8E /* Products */;
			projectDirPath = "";
			projectRoot = "";
			targets = (
				7C66F6E223B00D72005DEB8E /* TriniRun */,
			);
		};
/* End PBXProject section */

/* Begin PBXResourcesBuildPhase section */
		7C66F6E123B00D72005DEB8E /* Resources */ = {
			isa = PBXResourcesBuildPhase;
			buildActionMask = 2147483647;
			files = (
				7C66F6F523B00D75005DEB8E /* LaunchScreen.storyboard in Resources */,
				7CFEC0CE23B28EFF00B9161A /* Run Home.png in Resources */,
				7C66F6F223B00D75005DEB8E /* Assets.xcassets in Resources */,
				7C2F864E23E852DD00EFCAA6 /* AppNotes.rtf in Resources */,
				7CFEC0CD23B28EFF00B9161A /* Log TableView VC.png in Resources */,
				7C66F6F023B00D72005DEB8E /* Main.storyboard in Resources */,
				7CFEC0CC23B28EFF00B9161A /* On Run VC.png in Resources */,
			);
			runOnlyForDeploymentPostprocessing = 0;
		};
/* End PBXResourcesBuildPhase section */

/* Begin PBXShellScriptBuildPhase section */
		49C05B71BCD44864E48D01F5 /* [CP] Check Pods Manifest.lock */ = {
			isa = PBXShellScriptBuildPhase;
			buildActionMask = 2147483647;
			files = (
			);
			inputFileListPaths = (
			);
			inputPaths = (
				"${PODS_PODFILE_DIR_PATH}/Podfile.lock",
				"${PODS_ROOT}/Manifest.lock",
			);
			name = "[CP] Check Pods Manifest.lock";
			outputFileListPaths = (
			);
			outputPaths = (
				"$(DERIVED_FILE_DIR)/Pods-TriniRun-checkManifestLockResult.txt",
			);
			runOnlyForDeploymentPostprocessing = 0;
			shellPath = /bin/sh;
			shellScript = "diff \"${PODS_PODFILE_DIR_PATH}/Podfile.lock\" \"${PODS_ROOT}/Manifest.lock\" > /dev/null\nif [ $? != 0 ] ; then\n    # print error to STDERR\n    echo \"error: The sandbox is not in sync with the Podfile.lock. Run 'pod install' or update your CocoaPods installation.\" >&2\n    exit 1\nfi\n# This output is used by Xcode 'outputs' to avoid re-running this script phase.\necho \"SUCCESS\" > \"${SCRIPT_OUTPUT_FILE_0}\"\n";
			showEnvVarsInLog = 0;
		};
		4A30666F90438BAC98D277E4 /* [CP] Embed Pods Frameworks */ = {
			isa = PBXShellScriptBuildPhase;
			buildActionMask = 2147483647;
			files = (
			);
			inputFileListPaths = (
			);
			inputPaths = (
				"${SRCROOT}/Pods/Target Support Files/Pods-TriniRun/Pods-TriniRun-frameworks.sh",
				"${BUILT_PRODUCTS_DIR}/Realm/Realm.framework",
				"${BUILT_PRODUCTS_DIR}/RealmSwift/RealmSwift.framework",
			);
			name = "[CP] Embed Pods Frameworks";
			outputFileListPaths = (
			);
			outputPaths = (
				"${TARGET_BUILD_DIR}/${FRAMEWORKS_FOLDER_PATH}/Realm.framework",
				"${TARGET_BUILD_DIR}/${FRAMEWORKS_FOLDER_PATH}/RealmSwift.framework",
			);
			runOnlyForDeploymentPostprocessing = 0;
			shellPath = /bin/sh;
			shellScript = "\"${SRCROOT}/Pods/Target Support Files/Pods-TriniRun/Pods-TriniRun-frameworks.sh\"\n";
			showEnvVarsInLog = 0;
		};
/* End PBXShellScriptBuildPhase section */

/* Begin PBXSourcesBuildPhase section */
		7C66F6DF23B00D72005DEB8E /* Sources */ = {
			isa = PBXSourcesBuildPhase;
			buildActionMask = 2147483647;
			files = (
				7C66F6ED23B00D72005DEB8E /* RunLogVC.swift in Sources */,
				7C7FB9FC23F2D1ED0023CC84 /* Location.swift in Sources */,
				7C033CD423D326DE0037388D /* Run.swift in Sources */,
				7C66F6EB23B00D72005DEB8E /* BeginRunVC.swift in Sources */,
				7C66F6E723B00D72005DEB8E /* AppDelegate.swift in Sources */,
				7C7106F223EECC8D005405E7 /* RunLogCell.swift in Sources */,
				7C66F6E923B00D72005DEB8E /* SceneDelegate.swift in Sources */,
				7C68407323C5DF7100E046B0 /* CurrentRunVC.swift in Sources */,
				7C21247223C4AA20005766ED /* LocationVC.swift in Sources */,
				7C09192123CDD84B0019938A /* Extensions.swift in Sources */,
				7C555DEA23D4906C00FE6CFD /* Constants.swift in Sources */,
			);
			runOnlyForDeploymentPostprocessing = 0;
		};
/* End PBXSourcesBuildPhase section */

/* Begin PBXVariantGroup section */
		7C66F6EE23B00D72005DEB8E /* Main.storyboard */ = {
			isa = PBXVariantGroup;
			children = (
				7C66F6EF23B00D72005DEB8E /* Base */,
			);
			name = Main.storyboard;
			sourceTree = "<group>";
		};
		7C66F6F323B00D75005DEB8E /* LaunchScreen.storyboard */ = {
			isa = PBXVariantGroup;
			children = (
				7C66F6F423B00D75005DEB8E /* Base */,
			);
			name = LaunchScreen.storyboard;
			sourceTree = "<group>";
		};
/* End PBXVariantGroup section */

/* Begin XCBuildConfiguration section */
		7C66F6F723B00D75005DEB8E /* Debug */ = {
			isa = XCBuildConfiguration;
			buildSettings = {
				ALWAYS_SEARCH_USER_PATHS = NO;
				CLANG_ANALYZER_NONNULL = YES;
				CLANG_ANALYZER_NUMBER_OBJECT_CONVERSION = YES_AGGRESSIVE;
				CLANG_CXX_LANGUAGE_STANDARD = "gnu++14";
				CLANG_CXX_LIBRARY = "libc++";
				CLANG_ENABLE_MODULES = YES;
				CLANG_ENABLE_OBJC_ARC = YES;
				CLANG_ENABLE_OBJC_WEAK = YES;
				CLANG_WARN_BLOCK_CAPTURE_AUTORELEASING = YES;
				CLANG_WARN_BOOL_CONVERSION = YES;
				CLANG_WARN_COMMA = YES;
				CLANG_WARN_CONSTANT_CONVERSION = YES;
				CLANG_WARN_DEPRECATED_OBJC_IMPLEMENTATIONS = YES;
				CLANG_WARN_DIRECT_OBJC_ISA_USAGE = YES_ERROR;
				CLANG_WARN_DOCUMENTATION_COMMENTS = YES;
				CLANG_WARN_EMPTY_BODY = YES;
				CLANG_WARN_ENUM_CONVERSION = YES;
				CLANG_WARN_INFINITE_RECURSION = YES;
				CLANG_WARN_INT_CONVERSION = YES;
				CLANG_WARN_NON_LITERAL_NULL_CONVERSION = YES;
				CLANG_WARN_OBJC_IMPLICIT_RETAIN_SELF = YES;
				CLANG_WARN_OBJC_LITERAL_CONVERSION = YES;
				CLANG_WARN_OBJC_ROOT_CLASS = YES_ERROR;
				CLANG_WARN_RANGE_LOOP_ANALYSIS = YES;
				CLANG_WARN_STRICT_PROTOTYPES = YES;
				CLANG_WARN_SUSPICIOUS_MOVE = YES;
				CLANG_WARN_UNGUARDED_AVAILABILITY = YES_AGGRESSIVE;
				CLANG_WARN_UNREACHABLE_CODE = YES;
				CLANG_WARN__DUPLICATE_METHOD_MATCH = YES;
				COPY_PHASE_STRIP = NO;
				DEBUG_INFORMATION_FORMAT = dwarf;
				ENABLE_STRICT_OBJC_MSGSEND = YES;
				ENABLE_TESTABILITY = YES;
				GCC_C_LANGUAGE_STANDARD = gnu11;
				GCC_DYNAMIC_NO_PIC = NO;
				GCC_NO_COMMON_BLOCKS = YES;
				GCC_OPTIMIZATION_LEVEL = 0;
				GCC_PREPROCESSOR_DEFINITIONS = (
					"DEBUG=1",
					"$(inherited)",
				);
				GCC_WARN_64_TO_32_BIT_CONVERSION = YES;
				GCC_WARN_ABOUT_RETURN_TYPE = YES_ERROR;
				GCC_WARN_UNDECLARED_SELECTOR = YES;
				GCC_WARN_UNINITIALIZED_AUTOS = YES_AGGRESSIVE;
				GCC_WARN_UNUSED_FUNCTION = YES;
				GCC_WARN_UNUSED_VARIABLE = YES;
				IPHONEOS_DEPLOYMENT_TARGET = 13.2;
				MTL_ENABLE_DEBUG_INFO = INCLUDE_SOURCE;
				MTL_FAST_MATH = YES;
				ONLY_ACTIVE_ARCH = YES;
				SDKROOT = iphoneos;
				SWIFT_ACTIVE_COMPILATION_CONDITIONS = DEBUG;
				SWIFT_OPTIMIZATION_LEVEL = "-Onone";
			};
			name = Debug;
		};
		7C66F6F823B00D75005DEB8E /* Release */ = {
			isa = XCBuildConfiguration;
			buildSettings = {
				ALWAYS_SEARCH_USER_PATHS = NO;
				CLANG_ANALYZER_NONNULL = YES;
				CLANG_ANALYZER_NUMBER_OBJECT_CONVERSION = YES_AGGRESSIVE;
				CLANG_CXX_LANGUAGE_STANDARD = "gnu++14";
				CLANG_CXX_LIBRARY = "libc++";
				CLANG_ENABLE_MODULES = YES;
				CLANG_ENABLE_OBJC_ARC = YES;
				CLANG_ENABLE_OBJC_WEAK = YES;
				CLANG_WARN_BLOCK_CAPTURE_AUTORELEASING = YES;
				CLANG_WARN_BOOL_CONVERSION = YES;
				CLANG_WARN_COMMA = YES;
				CLANG_WARN_CONSTANT_CONVERSION = YES;
				CLANG_WARN_DEPRECATED_OBJC_IMPLEMENTATIONS = YES;
				CLANG_WARN_DIRECT_OBJC_ISA_USAGE = YES_ERROR;
				CLANG_WARN_DOCUMENTATION_COMMENTS = YES;
				CLANG_WARN_EMPTY_BODY = YES;
				CLANG_WARN_ENUM_CONVERSION = YES;
				CLANG_WARN_INFINITE_RECURSION = YES;
				CLANG_WARN_INT_CONVERSION = YES;
				CLANG_WARN_NON_LITERAL_NULL_CONVERSION = YES;
				CLANG_WARN_OBJC_IMPLICIT_RETAIN_SELF = YES;
				CLANG_WARN_OBJC_LITERAL_CONVERSION = YES;
				CLANG_WARN_OBJC_ROOT_CLASS = YES_ERROR;
				CLANG_WARN_RANGE_LOOP_ANALYSIS = YES;
				CLANG_WARN_STRICT_PROTOTYPES = YES;
				CLANG_WARN_SUSPICIOUS_MOVE = YES;
				CLANG_WARN_UNGUARDED_AVAILABILITY = YES_AGGRESSIVE;
				CLANG_WARN_UNREACHABLE_CODE = YES;
				CLANG_WARN__DUPLICATE_METHOD_MATCH = YES;
				COPY_PHASE_STRIP = NO;
				DEBUG_INFORMATION_FORMAT = "dwarf-with-dsym";
				ENABLE_NS_ASSERTIONS = NO;
				ENABLE_STRICT_OBJC_MSGSEND = YES;
				GCC_C_LANGUAGE_STANDARD = gnu11;
				GCC_NO_COMMON_BLOCKS = YES;
				GCC_WARN_64_TO_32_BIT_CONVERSION = YES;
				GCC_WARN_ABOUT_RETURN_TYPE = YES_ERROR;
				GCC_WARN_UNDECLARED_SELECTOR = YES;
				GCC_WARN_UNINITIALIZED_AUTOS = YES_AGGRESSIVE;
				GCC_WARN_UNUSED_FUNCTION = YES;
				GCC_WARN_UNUSED_VARIABLE = YES;
				IPHONEOS_DEPLOYMENT_TARGET = 13.2;
				MTL_ENABLE_DEBUG_INFO = NO;
				MTL_FAST_MATH = YES;
				SDKROOT = iphoneos;
				SWIFT_COMPILATION_MODE = wholemodule;
				SWIFT_OPTIMIZATION_LEVEL = "-O";
				VALIDATE_PRODUCT = YES;
			};
			name = Release;
		};
		7C66F6FA23B00D75005DEB8E /* Debug */ = {
			isa = XCBuildConfiguration;
			baseConfigurationReference = 39F6EF30BEA5005D1FFBC2D2 /* Pods-TriniRun.debug.xcconfig */;
			buildSettings = {
				ASSETCATALOG_COMPILER_APPICON_NAME = AppIcon;
				CODE_SIGN_IDENTITY = "iPhone Developer";
				CODE_SIGN_STYLE = Automatic;
				DEVELOPMENT_TEAM = MXS4XEPZ6A;
				INFOPLIST_FILE = TriniRun/Info.plist;
				IPHONEOS_DEPLOYMENT_TARGET = 13.2;
				LD_RUNPATH_SEARCH_PATHS = (
					"$(inherited)",
					"@executable_path/Frameworks",
				);
				PRODUCT_BUNDLE_IDENTIFIER = com.hotcoolapps.TriniRun;
				PRODUCT_NAME = "$(TARGET_NAME)";
				SWIFT_VERSION = 4.2;
				TARGETED_DEVICE_FAMILY = 1;
			};
			name = Debug;
		};
		7C66F6FB23B00D75005DEB8E /* Release */ = {
			isa = XCBuildConfiguration;
			baseConfigurationReference = 2DFFF09A7BE140CE19FBCC0E /* Pods-TriniRun.release.xcconfig */;
			buildSettings = {
				ASSETCATALOG_COMPILER_APPICON_NAME = AppIcon;
				CODE_SIGN_IDENTITY = "iPhone Developer";
				CODE_SIGN_STYLE = Automatic;
				DEVELOPMENT_TEAM = MXS4XEPZ6A;
				INFOPLIST_FILE = TriniRun/Info.plist;
				IPHONEOS_DEPLOYMENT_TARGET = 13.2;
				LD_RUNPATH_SEARCH_PATHS = (
					"$(inherited)",
					"@executable_path/Frameworks",
				);
				PRODUCT_BUNDLE_IDENTIFIER = com.hotcoolapps.TriniRun;
				PRODUCT_NAME = "$(TARGET_NAME)";
				SWIFT_VERSION = 4.2;
				TARGETED_DEVICE_FAMILY = 1;
			};
			name = Release;
		};
/* End XCBuildConfiguration section */

/* Begin XCConfigurationList section */
		7C66F6DE23B00D72005DEB8E /* Build configuration list for PBXProject "TriniRun" */ = {
			isa = XCConfigurationList;
			buildConfigurations = (
				7C66F6F723B00D75005DEB8E /* Debug */,
				7C66F6F823B00D75005DEB8E /* Release */,
			);
			defaultConfigurationIsVisible = 0;
			defaultConfigurationName = Release;
		};
		7C66F6F923B00D75005DEB8E /* Build configuration list for PBXNativeTarget "TriniRun" */ = {
			isa = XCConfigurationList;
			buildConfigurations = (
				7C66F6FA23B00D75005DEB8E /* Debug */,
				7C66F6FB23B00D75005DEB8E /* Release */,
			);
			defaultConfigurationIsVisible = 0;
			defaultConfigurationName = Release;
		};
/* End XCConfigurationList section */
	};
	rootObject = 7C66F6DB23B00D72005DEB8E /* Project object */;
}
